
Microsoft Visual Studio Solution File, Format Version 12.00
# Visual Studio Version 17
VisualStudioVersion = 17.9.34622.214
MinimumVisualStudioVersion = 10.0.40219.1
Project("{9A19103F-16F7-4668-BE54-9A1E7A4F7556}") = "YLADotNetCore.ConsoleApp", "YLADotNetCore.ConsoleApp\YLADotNetCore.ConsoleApp.csproj", "{662B37C6-222F-493F-B354-535EDFABDEEA}"
EndProject
Project("{2150E333-8FDC-42A3-9474-1A3956D46DE8}") = "Documents", "Documents", "{2A4E7534-18AD-4495-B615-EECD0190E4EE}"
	ProjectSection(SolutionItems) = preProject
		README.md = README.md
	EndProjectSection
EndProject
Project("{9A19103F-16F7-4668-BE54-9A1E7A4F7556}") = "YLADotNetCore.RestApi", "YLADotNetCore.RestApi\YLADotNetCore.RestApi.csproj", "{FAE49347-5091-4511-9122-FB5811633D8C}"
EndProject
Project("{9A19103F-16F7-4668-BE54-9A1E7A4F7556}") = "YLADotNetCore.TestingWebAPI", "YLADotNetCore.TestingWebAPI\YLADotNetCore.TestingWebAPI.csproj", "{CEBEA867-4D94-4358-AC1B-47AF58774162}"
EndProject
Project("{9A19103F-16F7-4668-BE54-9A1E7A4F7556}") = "YLADotNetCore.Shared", "YLADotNetCore.Shared\YLADotNetCore.Shared.csproj", "{622BCD4B-C1B3-4F79-AD64-3829F0E048AA}"
EndProject
Project("{9A19103F-16F7-4668-BE54-9A1E7A4F7556}") = "YLADotNetCore.ConsoleAppRestClientExamples", "YLADotNetCore.ConsoleAppRestClientExamples\YLADotNetCore.ConsoleAppRestClientExamples.csproj", "{0BA4210C-0F4B-4F09-A804-D3B68D18F55B}"
EndProject
Project("{FAE04EC0-301F-11D3-BF4B-00C04F79EFBC}") = "YLADotNetCore.RestApiWithNLayer", "YLADotNetCore.RestApiWithNLayer\YLADotNetCore.RestApiWithNLayer.csproj", "{FF51E982-6958-4FF5-BE1D-95E25AB5854B}"
EndProject
Project("{FAE04EC0-301F-11D3-BF4B-00C04F79EFBC}") = "YLADotNetCore.PizzaApi", "YLADotNetCore.PizzaApi\YLADotNetCore.PizzaApi.csproj", "{73A9239A-D534-456D-8B91-139078821D45}"
EndProject
Project("{FAE04EC0-301F-11D3-BF4B-00C04F79EFBC}") = "YLADotNetCore.WinFormsApp", "YLADotNetCore.WinFormsApp\YLADotNetCore.WinFormsApp.csproj", "{A6C7D1A3-A3B0-4053-BBC7-AE8580725117}"
EndProject
Global
	GlobalSection(SolutionConfigurationPlatforms) = preSolution
		Debug|Any CPU = Debug|Any CPU
		Release|Any CPU = Release|Any CPU
	EndGlobalSection
	GlobalSection(ProjectConfigurationPlatforms) = postSolution
		{662B37C6-222F-493F-B354-535EDFABDEEA}.Debug|Any CPU.ActiveCfg = Debug|Any CPU
		{662B37C6-222F-493F-B354-535EDFABDEEA}.Debug|Any CPU.Build.0 = Debug|Any CPU
		{662B37C6-222F-493F-B354-535EDFABDEEA}.Release|Any CPU.ActiveCfg = Release|Any CPU
		{662B37C6-222F-493F-B354-535EDFABDEEA}.Release|Any CPU.Build.0 = Release|Any CPU
		{FAE49347-5091-4511-9122-FB5811633D8C}.Debug|Any CPU.ActiveCfg = Debug|Any CPU
		{FAE49347-5091-4511-9122-FB5811633D8C}.Debug|Any CPU.Build.0 = Debug|Any CPU
		{FAE49347-5091-4511-9122-FB5811633D8C}.Release|Any CPU.ActiveCfg = Release|Any CPU
		{FAE49347-5091-4511-9122-FB5811633D8C}.Release|Any CPU.Build.0 = Release|Any CPU
		{CEBEA867-4D94-4358-AC1B-47AF58774162}.Debug|Any CPU.ActiveCfg = Debug|Any CPU
		{CEBEA867-4D94-4358-AC1B-47AF58774162}.Debug|Any CPU.Build.0 = Debug|Any CPU
		{CEBEA867-4D94-4358-AC1B-47AF58774162}.Release|Any CPU.ActiveCfg = Release|Any CPU
		{CEBEA867-4D94-4358-AC1B-47AF58774162}.Release|Any CPU.Build.0 = Release|Any CPU
		{622BCD4B-C1B3-4F79-AD64-3829F0E048AA}.Debug|Any CPU.ActiveCfg = Debug|Any CPU
		{622BCD4B-C1B3-4F79-AD64-3829F0E048AA}.Debug|Any CPU.Build.0 = Debug|Any CPU
		{622BCD4B-C1B3-4F79-AD64-3829F0E048AA}.Release|Any CPU.ActiveCfg = Release|Any CPU
		{622BCD4B-C1B3-4F79-AD64-3829F0E048AA}.Release|Any CPU.Build.0 = Release|Any CPU
		{0BA4210C-0F4B-4F09-A804-D3B68D18F55B}.Debug|Any CPU.ActiveCfg = Debug|Any CPU
		{0BA4210C-0F4B-4F09-A804-D3B68D18F55B}.Debug|Any CPU.Build.0 = Debug|Any CPU
		{0BA4210C-0F4B-4F09-A804-D3B68D18F55B}.Release|Any CPU.ActiveCfg = Release|Any CPU
		{0BA4210C-0F4B-4F09-A804-D3B68D18F55B}.Release|Any CPU.Build.0 = Release|Any CPU
		{FF51E982-6958-4FF5-BE1D-95E25AB5854B}.Debug|Any CPU.ActiveCfg = Debug|Any CPU
		{FF51E982-6958-4FF5-BE1D-95E25AB5854B}.Debug|Any CPU.Build.0 = Debug|Any CPU
		{FF51E982-6958-4FF5-BE1D-95E25AB5854B}.Release|Any CPU.ActiveCfg = Release|Any CPU
		{FF51E982-6958-4FF5-BE1D-95E25AB5854B}.Release|Any CPU.Build.0 = Release|Any CPU
		{73A9239A-D534-456D-8B91-139078821D45}.Debug|Any CPU.ActiveCfg = Debug|Any CPU
		{73A9239A-D534-456D-8B91-139078821D45}.Debug|Any CPU.Build.0 = Debug|Any CPU
		{73A9239A-D534-456D-8B91-139078821D45}.Release|Any CPU.ActiveCfg = Release|Any CPU
		{73A9239A-D534-456D-8B91-139078821D45}.Release|Any CPU.Build.0 = Release|Any CPU
		{A6C7D1A3-A3B0-4053-BBC7-AE8580725117}.Debug|Any CPU.ActiveCfg = Debug|Any CPU
		{A6C7D1A3-A3B0-4053-BBC7-AE8580725117}.Debug|Any CPU.Build.0 = Debug|Any CPU
		{A6C7D1A3-A3B0-4053-BBC7-AE8580725117}.Release|Any CPU.ActiveCfg = Release|Any CPU
		{A6C7D1A3-A3B0-4053-BBC7-AE8580725117}.Release|Any CPU.Build.0 = Release|Any CPU
	EndGlobalSection
	GlobalSection(SolutionProperties) = preSolution
		HideSolutionNode = FALSE
	EndGlobalSection
	GlobalSection(ExtensibilityGlobals) = postSolution
		SolutionGuid = {9F77401B-EAC3-4A9C-B360-DA3DFC216B82}
	EndGlobalSection
EndGlobal
